{
  "name": "common",
  "version": "1.0.0",
  "lockfileVersion": 1,
  "requires": true,
  "dependencies": {
    "lens.ts": {
      "version": "0.5.1",
      "resolved": "https://registry.npmjs.org/lens.ts/-/lens.ts-0.5.1.tgz",
      "integrity": "sha1-lXzYGDjqc1mwwoDyT5R4vG6Suvw="
    },
    "shades": {
      "version": "2.0.0",
      "resolved": "https://registry.npmjs.org/shades/-/shades-2.0.0.tgz",
      "integrity": "sha512-LcHfvQyv5Wzjj0XpkbLvlPiXmQ8ZaXMscBajZVuyjybxYFa/8QdW1iEKJ5XuFx6oufUB2dgUkFimV3H5MLAz9A=="
    }
  }
}
