{
  "name": "common",
  "version": "1.0.0",
  "lockfileVersion": 1,
  "requires": true,
  "dependencies": {
    "lens.ts": {
      "version": "0.5.1",
      "resolved": "https://registry.npmjs.org/lens.ts/-/lens.ts-0.5.1.tgz",
      "integrity": "sha1-lXzYGDjqc1mwwoDyT5R4vG6Suvw="
    },
    "shades": {
      "version": "2.0.0-beta.6",
      "resolved": "https://registry.npmjs.org/shades/-/shades-2.0.0-beta.6.tgz",
      "integrity": "sha512-lsCzQ8+dZ+NkmS3YHfL52hx+EGGLTOH8qjqkMHIXYEz00jt0PZsy30YfKs7B6QgKR6GHCOoQUk5LJKZblEkR2g=="
    }
  }
}
